schema=prime-compiler-gym-farmshare-v2
verifier-epoch=compiler-gym-v0.2.5-farmshare-cbench-ldpath-base20-raw-v2
python=3.10.19
pip=23.0.1
distribution-manifest-schema=sorted-casefold-name-version-v1
distribution-manifest-sha256=4b84dea7461512ef8fdadb99a992066484119fc91b7d8f0d3b33b5598fa870dd
compiler-gym=0.2.5
compiler-gym-upstream-commit=64bdd6cd39967d3d2fe5e6c72deb15e830b838bb
compiler-gym-upstream-cbench-sha256=e6337c70f9a3e83abc8f54d9b4193e7ba51fe853a555fa78e472b2fc87920d88
compiler-gym-cbench-patch-sha256=259956ea61364336dbc3e326cd27c7b6a0342fadbeba32b6c29da7024a4ccc00
compiler-gym-installed-cbench-sha256=6e38fd10d4bfd7816dbe6f959ff8ae97a3c10ab94cadde883926d83c0db521ed
llvm=10.0.0
cbench-manifest-sha256=eeffd7593aeb696a160fd22e6b0c382198a65d0918b8440253ea458cfe927741
cbench-linux-bitcode-sha256=601fff3944c866f6617e653b6eb5c1521382c935f56ca1f36a9f5cf1a49f3de5
cbench-runtime-data-sha256=a1b5b5d6b115e5809ccaefc2134434494271d184da67e2ee43d7f84d07329055
ld-library-path=/scratch/users/duynguy/prime-autoresearch/compiler-gym-libs/lib
compatibility-package=conda-forge/linux-64/ncurses-5.9-10
compatibility-package-sha256=8651c96bdb2eb0cc5505c03bbd1df0c86d5f8c3184ca8c9a87914b288272a508
compatibility-package-md5=385305fdf1ea5dabff1fd7a1f5e1e115
compatibility-metadata-sha256=0e0a519f35b839d24db9d84384c6a3a07666cf3f7e37e64300c719f8f2f7bb86
compatibility-libtinfo-so-5.9-sha256=d82654b2615eb347e8f15a63862c9234f452187250b75d36dce8bd964541f02e
compatibility-tree-manifest-schema=sorted-relative-path-type-mode-size-digest-or-target-v1
compatibility-tree-entries=2749
compatibility-tree-manifest-bytes=215462
compatibility-tree-manifest-sha256=c43abf7ca127d96a72b3f83f3185246ce4194d49481ed7264e7806a0788f71c1
